
Microsoft Visual Studio Solution File, Format Version 12.00
# Visual Studio Version 17
VisualStudioVersion = 17.1.32421.90
MinimumVisualStudioVersion = 10.0.40219.1
Project("{FAE04EC0-301F-11D3-BF4B-00C04F79EFBC}") = "TestApp.Web", "TestApp.Web\TestApp.Web.csproj", "{78E93FC6-EFF3-47A6-BD49-387592FE4BB3}"
EndProject
Project("{FAE04EC0-301F-11D3-BF4B-00C04F79EFBC}") = "TestApp.Domains", "TestApp.Domains\TestApp.Domains.csproj", "{C320F7FF-58B8-4EE0-B45E-66203155F3F7}"
EndProject
Project("{FAE04EC0-301F-11D3-BF4B-00C04F79EFBC}") = "TestApp.DAL", "TestApp.DAL\TestApp.DAL.csproj", "{45C42EBF-01DB-48A3-91C5-6A3F3D119EC0}"
EndProject
Global
	GlobalSection(SolutionConfigurationPlatforms) = preSolution
		Debug|Any CPU = Debug|Any CPU
		Release|Any CPU = Release|Any CPU
	EndGlobalSection
	GlobalSection(ProjectConfigurationPlatforms) = postSolution
		{78E93FC6-EFF3-47A6-BD49-387592FE4BB3}.Debug|Any CPU.ActiveCfg = Debug|Any CPU
		{78E93FC6-EFF3-47A6-BD49-387592FE4BB3}.Debug|Any CPU.Build.0 = Debug|Any CPU
		{78E93FC6-EFF3-47A6-BD49-387592FE4BB3}.Release|Any CPU.ActiveCfg = Release|Any CPU
		{78E93FC6-EFF3-47A6-BD49-387592FE4BB3}.Release|Any CPU.Build.0 = Release|Any CPU
		{C320F7FF-58B8-4EE0-B45E-66203155F3F7}.Debug|Any CPU.ActiveCfg = Debug|Any CPU
		{C320F7FF-58B8-4EE0-B45E-66203155F3F7}.Debug|Any CPU.Build.0 = Debug|Any CPU
		{C320F7FF-58B8-4EE0-B45E-66203155F3F7}.Release|Any CPU.ActiveCfg = Release|Any CPU
		{C320F7FF-58B8-4EE0-B45E-66203155F3F7}.Release|Any CPU.Build.0 = Release|Any CPU
		{45C42EBF-01DB-48A3-91C5-6A3F3D119EC0}.Debug|Any CPU.ActiveCfg = Debug|Any CPU
		{45C42EBF-01DB-48A3-91C5-6A3F3D119EC0}.Debug|Any CPU.Build.0 = Debug|Any CPU
		{45C42EBF-01DB-48A3-91C5-6A3F3D119EC0}.Release|Any CPU.ActiveCfg = Release|Any CPU
		{45C42EBF-01DB-48A3-91C5-6A3F3D119EC0}.Release|Any CPU.Build.0 = Release|Any CPU
	EndGlobalSection
	GlobalSection(SolutionProperties) = preSolution
		HideSolutionNode = FALSE
	EndGlobalSection
	GlobalSection(ExtensibilityGlobals) = postSolution
		SolutionGuid = {844F9231-B5FB-435E-B64E-7FCFEBFF1872}
	EndGlobalSection
EndGlobal
